
Microsoft Visual Studio Solution File, Format Version 12.00
# Visual Studio Version 17
VisualStudioVersion = 17.8.34601.278
MinimumVisualStudioVersion = 10.0.40219.1
Project("{FAE04EC0-301F-11D3-BF4B-00C04F79EFBC}") = "Exercise2", "Exercise2.csproj", "{016F5F07-6D1B-4943-8551-D4AAD50C7640}"
EndProject
Global
	GlobalSection(SolutionConfigurationPlatforms) = preSolution
		Debug|Any CPU = Debug|Any CPU
		Release|Any CPU = Release|Any CPU
	EndGlobalSection
	GlobalSection(ProjectConfigurationPlatforms) = postSolution
		{016F5F07-6D1B-4943-8551-D4AAD50C7640}.Debug|Any CPU.ActiveCfg = Debug|Any CPU
		{016F5F07-6D1B-4943-8551-D4AAD50C7640}.Debug|Any CPU.Build.0 = Debug|Any CPU
		{016F5F07-6D1B-4943-8551-D4AAD50C7640}.Release|Any CPU.ActiveCfg = Release|Any CPU
		{016F5F07-6D1B-4943-8551-D4AAD50C7640}.Release|Any CPU.Build.0 = Release|Any CPU
	EndGlobalSection
	GlobalSection(SolutionProperties) = preSolution
		HideSolutionNode = FALSE
	EndGlobalSection
	GlobalSection(ExtensibilityGlobals) = postSolution
		SolutionGuid = {1E97512F-5AFC-4152-B8DB-38B0467835ED}
	EndGlobalSection
EndGlobal
