
Microsoft Visual Studio Solution File, Format Version 12.00
# Visual Studio Version 17
VisualStudioVersion = 17.9.34701.34
MinimumVisualStudioVersion = 10.0.40219.1
Project("{FAE04EC0-301F-11D3-BF4B-00C04F79EFBC}") = "TodoApplication", "TodoApplication.csproj", "{92BA0275-20EE-4EA7-85D0-4485288BFC52}"
EndProject
Global
	GlobalSection(SolutionConfigurationPlatforms) = preSolution
		Debug|Any CPU = Debug|Any CPU
		Release|Any CPU = Release|Any CPU
	EndGlobalSection
	GlobalSection(ProjectConfigurationPlatforms) = postSolution
		{92BA0275-20EE-4EA7-85D0-4485288BFC52}.Debug|Any CPU.ActiveCfg = Debug|Any CPU
		{92BA0275-20EE-4EA7-85D0-4485288BFC52}.Debug|Any CPU.Build.0 = Debug|Any CPU
		{92BA0275-20EE-4EA7-85D0-4485288BFC52}.Release|Any CPU.ActiveCfg = Release|Any CPU
		{92BA0275-20EE-4EA7-85D0-4485288BFC52}.Release|Any CPU.Build.0 = Release|Any CPU
	EndGlobalSection
	GlobalSection(SolutionProperties) = preSolution
		HideSolutionNode = FALSE
	EndGlobalSection
	GlobalSection(ExtensibilityGlobals) = postSolution
		SolutionGuid = {23221A95-17D6-4611-8B7D-12D2C41371E7}
	EndGlobalSection
EndGlobal
